# This file was autogenerated by Stack.
# You should not edit this file by hand.
# For more information, please see the documentation at:
#   https://docs.haskellstack.org/en/stable/lock_files

packages:
- completed:
    hackage: advent-of-code-api-0.2.7.0@sha256:d16c39e5f149bb046b05adf94ba2c3232a24d21587cb75b3c4c4480f1e270564,2351
    pantry-tree:
      size: 1185
      sha256: 1688c03a530c5eaf1581e1d5104e8481d3b2199ce973eb8599eb64168edc3908
  original:
    hackage: advent-of-code-api-0.2.7.0
- completed:
    hackage: megaparsec-8.0.0@sha256:362f85e243ecbcb550e1de6e5c74ba5a50c09edaa1208c99bc5b9fd242227fc6,3808
    pantry-tree:
      size: 1446
      sha256: 955117c00a86970f2d0c215f33cf5293b16589c04678a0a790c03368ab6fd0aa
  original:
    hackage: megaparsec-8.0.0
- completed:
    hackage: parser-combinators-1.2.1@sha256:16c3490e007ec10b1255a2b36fb483d000156d555269107131241d9e0fa96412,1788
    pantry-tree:
      size: 725
      sha256: 7b7cc6bb088f536691c4088ac6abe9f4dd0399feffc26bdb2cbec695f7259737
  original:
    hackage: parser-combinators-1.2.1
- completed:
    hackage: nonempty-containers-0.3.3.0@sha256:f306bdbb271fb43057e0205293915bbfafc92f9960d89c0ea457625aad752eca,2717
    pantry-tree:
      size: 1480
      sha256: 36b68ccc26d582dfdcd363ee6e88f283274fbf344907c38de5b678ffe0a3888e
  original:
    hackage: nonempty-containers-0.3.3.0
- completed:
    hackage: nonempty-vector-0.2.0.1@sha256:332f8d48b5de02c1ab4e52c99973d4ca42dcbce21a073ffd1b5b2da1221e113f,1753
    pantry-tree:
      size: 460
      sha256: 58c456615aa904f3513db86f5931f048b11a1b19e6c39ca77aef5b25195adb26
  original:
    hackage: nonempty-vector-0.2.0.1
- completed:
    hackage: conduino-0.2.1.0@sha256:0c83b5b1add4182589484073a7461ce4d986b8d1c4ea697ec7f1d412580a500a,1621
    pantry-tree:
      size: 526
      sha256: f528f11ccfb0e2663110e5fe348387f3e16cdad86844fdf3003e180155834339
  original:
    hackage: conduino-0.2.1.0
- completed:
    hackage: astar-0.3.0.0@sha256:8bf6350542e9db9451490e8993560ee843dc48a61d46a206985430f9b62461c8,967
    pantry-tree:
      size: 213
      sha256: c4176cc3fc9ad39f2a9fc7eb4346c87b6e60b70ba23d8e2adbdfc81fe544b808
  original:
    hackage: astar-0.3.0.0
- completed:
    hackage: list-transformer-1.0.6@sha256:e214728decb4844b1c6ea0e3243324cfc11ad6da5629d16f06b92f00b6a5bed0,1455
    pantry-tree:
      size: 280
      sha256: 7d2a46b5ade8b57a62888af490d6fb20b217e6fa92b5bf40d53c6e9fd7a3809c
  original:
    hackage: list-transformer-1.0.6
snapshots:
- completed:
    size: 524804
    url: https://raw.githubusercontent.com/commercialhaskell/stackage-snapshots/master/lts/14/16.yaml
    sha256: 4d1519a4372d051d47a5eae2241cf3fb54e113d7475f89707ddb6ec06add2888
  original: lts-14.16
